
Microsoft Visual Studio Solution File, Format Version 12.00
# Visual Studio Version 17
VisualStudioVersion = 17.14.36301.6 d17.14
MinimumVisualStudioVersion = 10.0.40219.1
Project("{FAE04EC0-301F-11D3-BF4B-00C04F79EFBC}") = "Core", "Core\Core.csproj", "{8DCC012F-06A2-4B66-A629-6E52835CDA2F}"
EndProject
Project("{FAE04EC0-301F-11D3-BF4B-00C04F79EFBC}") = "UI", "UI\UI.csproj", "{D424581C-42FB-4FAF-9B8E-F2758E7A3E04}"
EndProject
Project("{FAE04EC0-301F-11D3-BF4B-00C04F79EFBC}") = "Tests", "Tests\Tests.csproj", "{6BF148EE-E223-43E4-A4A7-07E11A179041}"
EndProject
Global
	GlobalSection(SolutionConfigurationPlatforms) = preSolution
		Debug|Any CPU = Debug|Any CPU
		Release|Any CPU = Release|Any CPU
	EndGlobalSection
	GlobalSection(ProjectConfigurationPlatforms) = postSolution
		{8DCC012F-06A2-4B66-A629-6E52835CDA2F}.Debug|Any CPU.ActiveCfg = Debug|Any CPU
		{8DCC012F-06A2-4B66-A629-6E52835CDA2F}.Debug|Any CPU.Build.0 = Debug|Any CPU
		{8DCC012F-06A2-4B66-A629-6E52835CDA2F}.Release|Any CPU.ActiveCfg = Release|Any CPU
		{8DCC012F-06A2-4B66-A629-6E52835CDA2F}.Release|Any CPU.Build.0 = Release|Any CPU
		{D424581C-42FB-4FAF-9B8E-F2758E7A3E04}.Debug|Any CPU.ActiveCfg = Debug|Any CPU
		{D424581C-42FB-4FAF-9B8E-F2758E7A3E04}.Debug|Any CPU.Build.0 = Debug|Any CPU
		{D424581C-42FB-4FAF-9B8E-F2758E7A3E04}.Release|Any CPU.ActiveCfg = Release|Any CPU
		{D424581C-42FB-4FAF-9B8E-F2758E7A3E04}.Release|Any CPU.Build.0 = Release|Any CPU
		{6BF148EE-E223-43E4-A4A7-07E11A179041}.Debug|Any CPU.ActiveCfg = Debug|Any CPU
		{6BF148EE-E223-43E4-A4A7-07E11A179041}.Debug|Any CPU.Build.0 = Debug|Any CPU
		{6BF148EE-E223-43E4-A4A7-07E11A179041}.Release|Any CPU.ActiveCfg = Release|Any CPU
		{6BF148EE-E223-43E4-A4A7-07E11A179041}.Release|Any CPU.Build.0 = Release|Any CPU
	EndGlobalSection
	GlobalSection(SolutionProperties) = preSolution
		HideSolutionNode = FALSE
	EndGlobalSection
	GlobalSection(ExtensibilityGlobals) = postSolution
		SolutionGuid = {1DD5630D-D177-4169-B928-A337E462D441}
	EndGlobalSection
EndGlobal
